
Microsoft Visual Studio Solution File, Format Version 12.00
# Visual Studio Version 17
VisualStudioVersion = 17.9.34728.123
MinimumVisualStudioVersion = 10.0.40219.1
Project("{FAE04EC0-301F-11D3-BF4B-00C04F79EFBC}") = "NotMe", "NotMe.csproj", "{BD06A036-0431-4E42-8AC7-0EEBA5818621}"
EndProject
Global
	GlobalSection(SolutionConfigurationPlatforms) = preSolution
		Debug|Any CPU = Debug|Any CPU
		Release|Any CPU = Release|Any CPU
	EndGlobalSection
	GlobalSection(ProjectConfigurationPlatforms) = postSolution
		{BD06A036-0431-4E42-8AC7-0EEBA5818621}.Debug|Any CPU.ActiveCfg = Debug|Any CPU
		{BD06A036-0431-4E42-8AC7-0EEBA5818621}.Debug|Any CPU.Build.0 = Debug|Any CPU
		{BD06A036-0431-4E42-8AC7-0EEBA5818621}.Release|Any CPU.ActiveCfg = Release|Any CPU
		{BD06A036-0431-4E42-8AC7-0EEBA5818621}.Release|Any CPU.Build.0 = Release|Any CPU
	EndGlobalSection
	GlobalSection(SolutionProperties) = preSolution
		HideSolutionNode = FALSE
	EndGlobalSection
	GlobalSection(ExtensibilityGlobals) = postSolution
		SolutionGuid = {BBCEA33B-8CDC-4B25-8D98-314E2A6F9144}
	EndGlobalSection
EndGlobal
