
Microsoft Visual Studio Solution File, Format Version 11.00
# Visual Studio 2010
Project("{8BC9CEB8-8B4A-11D0-8D11-00A0C91BC942}") = "ZwRaiseHardError", "ZwRaiseHardError\ZwRaiseHardError.vcxproj", "{8A4AFEAE-7DB8-4BF4-98C3-5DC00496B33B}"
EndProject
Project("{8BC9CEB8-8B4A-11D0-8D11-00A0C91BC942}") = "RtlSetProcessIsCritical", "RtlSetProcessIsCritical\RtlSetProcessIsCritical.vcxproj", "{FEA52FC7-5B1E-4AF9-8CFD-38F63D48F91C}"
EndProject
Project("{8BC9CEB8-8B4A-11D0-8D11-00A0C91BC942}") = "NtRaiseHardError", "NtRaiseHardError\NtRaiseHardError.vcxproj", "{734ACEFD-84EA-47B5-8396-26876DE4E377}"
EndProject
Global
	GlobalSection(SolutionConfigurationPlatforms) = preSolution
		Debug|Win32 = Debug|Win32
		Release|Win32 = Release|Win32
	EndGlobalSection
	GlobalSection(ProjectConfigurationPlatforms) = postSolution
		{8A4AFEAE-7DB8-4BF4-98C3-5DC00496B33B}.Debug|Win32.ActiveCfg = Debug|Win32
		{8A4AFEAE-7DB8-4BF4-98C3-5DC00496B33B}.Debug|Win32.Build.0 = Debug|Win32
		{8A4AFEAE-7DB8-4BF4-98C3-5DC00496B33B}.Release|Win32.ActiveCfg = Release|Win32
		{8A4AFEAE-7DB8-4BF4-98C3-5DC00496B33B}.Release|Win32.Build.0 = Release|Win32
		{FEA52FC7-5B1E-4AF9-8CFD-38F63D48F91C}.Debug|Win32.ActiveCfg = Debug|Win32
		{FEA52FC7-5B1E-4AF9-8CFD-38F63D48F91C}.Debug|Win32.Build.0 = Debug|Win32
		{FEA52FC7-5B1E-4AF9-8CFD-38F63D48F91C}.Release|Win32.ActiveCfg = Release|Win32
		{FEA52FC7-5B1E-4AF9-8CFD-38F63D48F91C}.Release|Win32.Build.0 = Release|Win32
		{734ACEFD-84EA-47B5-8396-26876DE4E377}.Debug|Win32.ActiveCfg = Debug|Win32
		{734ACEFD-84EA-47B5-8396-26876DE4E377}.Debug|Win32.Build.0 = Debug|Win32
		{734ACEFD-84EA-47B5-8396-26876DE4E377}.Release|Win32.ActiveCfg = Release|Win32
		{734ACEFD-84EA-47B5-8396-26876DE4E377}.Release|Win32.Build.0 = Release|Win32
	EndGlobalSection
	GlobalSection(SolutionProperties) = preSolution
		HideSolutionNode = FALSE
	EndGlobalSection
EndGlobal
